
Microsoft Visual Studio Solution File, Format Version 12.00
# Visual Studio Version 17
VisualStudioVersion = 17.3.32811.315
MinimumVisualStudioVersion = 10.0.40219.1
Project("{9A19103F-16F7-4668-BE54-9A1E7A4F7556}") = "Muse", "Muse\Muse.csproj", "{EBFA8512-1EA5-4D8C-B4AC-AB5B48A6D568}"
EndProject
Project("{9A19103F-16F7-4668-BE54-9A1E7A4F7556}") = "Muse.Desktop", "Muse.Desktop\Muse.Desktop.csproj", "{ABC31E74-02FF-46EB-B3B2-4E6AE43B456C}"
EndProject
Project("{9A19103F-16F7-4668-BE54-9A1E7A4F7556}") = "Muse.Browser", "Muse.Browser\Muse.Browser.csproj", "{1C1A049E-235C-4CD0-B6FA-D53AC418F4DA}"
EndProject
Project("{9A19103F-16F7-4668-BE54-9A1E7A4F7556}") = "Muse.iOS", "Muse.iOS\Muse.iOS.csproj", "{EBD9022F-BC83-4846-9A11-6F7F3772DC64}"
EndProject
Project("{9A19103F-16F7-4668-BE54-9A1E7A4F7556}") = "Muse.Android", "Muse.Android\Muse.Android.csproj", "{7AD1DAC8-7FBE-49D5-8614-7321233DB82E}"
EndProject
Project("{9A19103F-16F7-4668-BE54-9A1E7A4F7556}") = "Muse.Editor.Core", "Muse.Editor.Core\Muse.Editor.Core.csproj", "{317C08CD-6E1E-4568-A2DB-C8D6854A92C8}"
EndProject
Project("{9A19103F-16F7-4668-BE54-9A1E7A4F7556}") = "Muse.Editor.Rendering", "Muse.Editor.Rendering\Muse.Editor.Rendering.csproj", "{73958776-6C6D-452B-B176-8B177BF707AF}"
EndProject
Project("{9A19103F-16F7-4668-BE54-9A1E7A4F7556}") = "Muse.Workspace", "Muse.Workspace\Muse.Workspace.csproj", "{04A79C3B-13E0-4D64-89D6-2DC6A2902F5F}"
EndProject
Project("{9A19103F-16F7-4668-BE54-9A1E7A4F7556}") = "Muse.Assets", "Muse.Assets\Muse.Assets.csproj", "{50FBC8D4-E2A9-49E7-A7E7-15DD053581D2}"
EndProject
Project("{9A19103F-16F7-4668-BE54-9A1E7A4F7556}") = "Muse.Export", "Muse.Export\Muse.Export.csproj", "{469FD258-EC89-43EA-85F3-29E953A18A8A}"
EndProject
Project("{9A19103F-16F7-4668-BE54-9A1E7A4F7556}") = "Muse.ThemeUX", "Muse.ThemeUX\Muse.ThemeUX.csproj", "{4DA2E90C-22B8-4A88-8DF7-09C4685D47FE}"
EndProject
Project("{9A19103F-16F7-4668-BE54-9A1E7A4F7556}") = "Muse.AI.RAG", "Muse.AI.RAG\Muse.AI.RAG.csproj", "{E1887BC5-6AF0-466E-9023-50FD2A86E1B0}"
EndProject
Project("{9A19103F-16F7-4668-BE54-9A1E7A4F7556}") = "Muse.Shell", "Muse.Shell\Muse.Shell.csproj", "{363609A8-9094-474B-B964-93289804E45D}"
EndProject
Project("{9A19103F-16F7-4668-BE54-9A1E7A4F7556}") = "Muse.Editor.Core.Tests", "Muse.Editor.Core.Tests\Muse.Editor.Core.Tests.csproj", "{FBF0967C-615E-4EC2-A5BE-7284594972D8}"
EndProject
Project("{9A19103F-16F7-4668-BE54-9A1E7A4F7556}") = "Muse.Editor.Rendering.Tests", "Muse.Editor.Rendering.Tests\Muse.Editor.Rendering.Tests.csproj", "{9A2EC5B9-FB6B-4A4A-8CE2-6A7F8D0BAF85}"
EndProject
Project("{2150E333-8FDC-42A3-9474-1A3956D46DE8}") = "Solution Items", "Solution Items", "{3DA99C4E-89E3-4049-9C22-0A7EC60D83D8}"
	ProjectSection(SolutionItems) = preProject
		Directory.Packages.props = Directory.Packages.props
	EndProjectSection
EndProject
Project("{FAE04EC0-301F-11D3-BF4B-00C04F79EFBC}") = "Muse.Workspace.Tests", "Muse.Workspace.Tests\Muse.Workspace.Tests.csproj", "{2FB5F814-DF90-4AD7-A799-9C9752A4A434}"
EndProject
Global
	GlobalSection(SolutionConfigurationPlatforms) = preSolution
		Debug|Any CPU = Debug|Any CPU
		Debug|x64 = Debug|x64
		Debug|x86 = Debug|x86
		Release|Any CPU = Release|Any CPU
		Release|x64 = Release|x64
		Release|x86 = Release|x86
	EndGlobalSection
	GlobalSection(ProjectConfigurationPlatforms) = postSolution
		{EBFA8512-1EA5-4D8C-B4AC-AB5B48A6D568}.Debug|Any CPU.ActiveCfg = Debug|Any CPU
		{EBFA8512-1EA5-4D8C-B4AC-AB5B48A6D568}.Debug|Any CPU.Build.0 = Debug|Any CPU
		{EBFA8512-1EA5-4D8C-B4AC-AB5B48A6D568}.Debug|x64.ActiveCfg = Debug|Any CPU
		{EBFA8512-1EA5-4D8C-B4AC-AB5B48A6D568}.Debug|x64.Build.0 = Debug|Any CPU
		{EBFA8512-1EA5-4D8C-B4AC-AB5B48A6D568}.Debug|x86.ActiveCfg = Debug|Any CPU
		{EBFA8512-1EA5-4D8C-B4AC-AB5B48A6D568}.Debug|x86.Build.0 = Debug|Any CPU
		{EBFA8512-1EA5-4D8C-B4AC-AB5B48A6D568}.Release|Any CPU.ActiveCfg = Release|Any CPU
		{EBFA8512-1EA5-4D8C-B4AC-AB5B48A6D568}.Release|Any CPU.Build.0 = Release|Any CPU
		{EBFA8512-1EA5-4D8C-B4AC-AB5B48A6D568}.Release|x64.ActiveCfg = Release|Any CPU
		{EBFA8512-1EA5-4D8C-B4AC-AB5B48A6D568}.Release|x64.Build.0 = Release|Any CPU
		{EBFA8512-1EA5-4D8C-B4AC-AB5B48A6D568}.Release|x86.ActiveCfg = Release|Any CPU
		{EBFA8512-1EA5-4D8C-B4AC-AB5B48A6D568}.Release|x86.Build.0 = Release|Any CPU
		{ABC31E74-02FF-46EB-B3B2-4E6AE43B456C}.Debug|Any CPU.ActiveCfg = Debug|Any CPU
		{ABC31E74-02FF-46EB-B3B2-4E6AE43B456C}.Debug|Any CPU.Build.0 = Debug|Any CPU
		{ABC31E74-02FF-46EB-B3B2-4E6AE43B456C}.Debug|x64.ActiveCfg = Debug|Any CPU
		{ABC31E74-02FF-46EB-B3B2-4E6AE43B456C}.Debug|x64.Build.0 = Debug|Any CPU
		{ABC31E74-02FF-46EB-B3B2-4E6AE43B456C}.Debug|x86.ActiveCfg = Debug|Any CPU
		{ABC31E74-02FF-46EB-B3B2-4E6AE43B456C}.Debug|x86.Build.0 = Debug|Any CPU
		{ABC31E74-02FF-46EB-B3B2-4E6AE43B456C}.Release|Any CPU.ActiveCfg = Release|Any CPU
		{ABC31E74-02FF-46EB-B3B2-4E6AE43B456C}.Release|Any CPU.Build.0 = Release|Any CPU
		{ABC31E74-02FF-46EB-B3B2-4E6AE43B456C}.Release|x64.ActiveCfg = Release|Any CPU
		{ABC31E74-02FF-46EB-B3B2-4E6AE43B456C}.Release|x64.Build.0 = Release|Any CPU
		{ABC31E74-02FF-46EB-B3B2-4E6AE43B456C}.Release|x86.ActiveCfg = Release|Any CPU
		{ABC31E74-02FF-46EB-B3B2-4E6AE43B456C}.Release|x86.Build.0 = Release|Any CPU
		{1C1A049E-235C-4CD0-B6FA-D53AC418F4DA}.Debug|Any CPU.ActiveCfg = Debug|Any CPU
		{1C1A049E-235C-4CD0-B6FA-D53AC418F4DA}.Debug|Any CPU.Build.0 = Debug|Any CPU
		{1C1A049E-235C-4CD0-B6FA-D53AC418F4DA}.Debug|x64.ActiveCfg = Debug|Any CPU
		{1C1A049E-235C-4CD0-B6FA-D53AC418F4DA}.Debug|x64.Build.0 = Debug|Any CPU
		{1C1A049E-235C-4CD0-B6FA-D53AC418F4DA}.Debug|x86.ActiveCfg = Debug|Any CPU
		{1C1A049E-235C-4CD0-B6FA-D53AC418F4DA}.Debug|x86.Build.0 = Debug|Any CPU
		{1C1A049E-235C-4CD0-B6FA-D53AC418F4DA}.Release|Any CPU.ActiveCfg = Release|Any CPU
		{1C1A049E-235C-4CD0-B6FA-D53AC418F4DA}.Release|Any CPU.Build.0 = Release|Any CPU
		{1C1A049E-235C-4CD0-B6FA-D53AC418F4DA}.Release|x64.ActiveCfg = Release|Any CPU
		{1C1A049E-235C-4CD0-B6FA-D53AC418F4DA}.Release|x64.Build.0 = Release|Any CPU
		{1C1A049E-235C-4CD0-B6FA-D53AC418F4DA}.Release|x86.ActiveCfg = Release|Any CPU
		{1C1A049E-235C-4CD0-B6FA-D53AC418F4DA}.Release|x86.Build.0 = Release|Any CPU
		{EBD9022F-BC83-4846-9A11-6F7F3772DC64}.Debug|Any CPU.ActiveCfg = Debug|Any CPU
		{EBD9022F-BC83-4846-9A11-6F7F3772DC64}.Debug|Any CPU.Build.0 = Debug|Any CPU
		{EBD9022F-BC83-4846-9A11-6F7F3772DC64}.Debug|x64.ActiveCfg = Debug|Any CPU
		{EBD9022F-BC83-4846-9A11-6F7F3772DC64}.Debug|x64.Build.0 = Debug|Any CPU
		{EBD9022F-BC83-4846-9A11-6F7F3772DC64}.Debug|x86.ActiveCfg = Debug|Any CPU
		{EBD9022F-BC83-4846-9A11-6F7F3772DC64}.Debug|x86.Build.0 = Debug|Any CPU
		{EBD9022F-BC83-4846-9A11-6F7F3772DC64}.Release|Any CPU.ActiveCfg = Release|Any CPU
		{EBD9022F-BC83-4846-9A11-6F7F3772DC64}.Release|Any CPU.Build.0 = Release|Any CPU
		{EBD9022F-BC83-4846-9A11-6F7F3772DC64}.Release|x64.ActiveCfg = Release|Any CPU
		{EBD9022F-BC83-4846-9A11-6F7F3772DC64}.Release|x64.Build.0 = Release|Any CPU
		{EBD9022F-BC83-4846-9A11-6F7F3772DC64}.Release|x86.ActiveCfg = Release|Any CPU
		{EBD9022F-BC83-4846-9A11-6F7F3772DC64}.Release|x86.Build.0 = Release|Any CPU
		{7AD1DAC8-7FBE-49D5-8614-7321233DB82E}.Debug|Any CPU.ActiveCfg = Debug|Any CPU
		{7AD1DAC8-7FBE-49D5-8614-7321233DB82E}.Debug|Any CPU.Build.0 = Debug|Any CPU
		{7AD1DAC8-7FBE-49D5-8614-7321233DB82E}.Debug|x64.ActiveCfg = Debug|Any CPU
		{7AD1DAC8-7FBE-49D5-8614-7321233DB82E}.Debug|x64.Build.0 = Debug|Any CPU
		{7AD1DAC8-7FBE-49D5-8614-7321233DB82E}.Debug|x86.ActiveCfg = Debug|Any CPU
		{7AD1DAC8-7FBE-49D5-8614-7321233DB82E}.Debug|x86.Build.0 = Debug|Any CPU
		{7AD1DAC8-7FBE-49D5-8614-7321233DB82E}.Release|Any CPU.ActiveCfg = Release|Any CPU
		{7AD1DAC8-7FBE-49D5-8614-7321233DB82E}.Release|Any CPU.Build.0 = Release|Any CPU
		{7AD1DAC8-7FBE-49D5-8614-7321233DB82E}.Release|x64.ActiveCfg = Release|Any CPU
		{7AD1DAC8-7FBE-49D5-8614-7321233DB82E}.Release|x64.Build.0 = Release|Any CPU
		{7AD1DAC8-7FBE-49D5-8614-7321233DB82E}.Release|x86.ActiveCfg = Release|Any CPU
		{7AD1DAC8-7FBE-49D5-8614-7321233DB82E}.Release|x86.Build.0 = Release|Any CPU
		{317C08CD-6E1E-4568-A2DB-C8D6854A92C8}.Debug|Any CPU.ActiveCfg = Debug|Any CPU
		{317C08CD-6E1E-4568-A2DB-C8D6854A92C8}.Debug|Any CPU.Build.0 = Debug|Any CPU
		{317C08CD-6E1E-4568-A2DB-C8D6854A92C8}.Debug|x64.ActiveCfg = Debug|Any CPU
		{317C08CD-6E1E-4568-A2DB-C8D6854A92C8}.Debug|x64.Build.0 = Debug|Any CPU
		{317C08CD-6E1E-4568-A2DB-C8D6854A92C8}.Debug|x86.ActiveCfg = Debug|Any CPU
		{317C08CD-6E1E-4568-A2DB-C8D6854A92C8}.Debug|x86.Build.0 = Debug|Any CPU
		{317C08CD-6E1E-4568-A2DB-C8D6854A92C8}.Release|Any CPU.ActiveCfg = Release|Any CPU
		{317C08CD-6E1E-4568-A2DB-C8D6854A92C8}.Release|Any CPU.Build.0 = Release|Any CPU
		{317C08CD-6E1E-4568-A2DB-C8D6854A92C8}.Release|x64.ActiveCfg = Release|Any CPU
		{317C08CD-6E1E-4568-A2DB-C8D6854A92C8}.Release|x64.Build.0 = Release|Any CPU
		{317C08CD-6E1E-4568-A2DB-C8D6854A92C8}.Release|x86.ActiveCfg = Release|Any CPU
		{317C08CD-6E1E-4568-A2DB-C8D6854A92C8}.Release|x86.Build.0 = Release|Any CPU
		{73958776-6C6D-452B-B176-8B177BF707AF}.Debug|Any CPU.ActiveCfg = Debug|Any CPU
		{73958776-6C6D-452B-B176-8B177BF707AF}.Debug|Any CPU.Build.0 = Debug|Any CPU
		{73958776-6C6D-452B-B176-8B177BF707AF}.Debug|x64.ActiveCfg = Debug|Any CPU
		{73958776-6C6D-452B-B176-8B177BF707AF}.Debug|x64.Build.0 = Debug|Any CPU
		{73958776-6C6D-452B-B176-8B177BF707AF}.Debug|x86.ActiveCfg = Debug|Any CPU
		{73958776-6C6D-452B-B176-8B177BF707AF}.Debug|x86.Build.0 = Debug|Any CPU
		{73958776-6C6D-452B-B176-8B177BF707AF}.Release|Any CPU.ActiveCfg = Release|Any CPU
		{73958776-6C6D-452B-B176-8B177BF707AF}.Release|Any CPU.Build.0 = Release|Any CPU
		{73958776-6C6D-452B-B176-8B177BF707AF}.Release|x64.ActiveCfg = Release|Any CPU
		{73958776-6C6D-452B-B176-8B177BF707AF}.Release|x64.Build.0 = Release|Any CPU
		{73958776-6C6D-452B-B176-8B177BF707AF}.Release|x86.ActiveCfg = Release|Any CPU
		{73958776-6C6D-452B-B176-8B177BF707AF}.Release|x86.Build.0 = Release|Any CPU
		{04A79C3B-13E0-4D64-89D6-2DC6A2902F5F}.Debug|Any CPU.ActiveCfg = Debug|Any CPU
		{04A79C3B-13E0-4D64-89D6-2DC6A2902F5F}.Debug|Any CPU.Build.0 = Debug|Any CPU
		{04A79C3B-13E0-4D64-89D6-2DC6A2902F5F}.Debug|x64.ActiveCfg = Debug|Any CPU
		{04A79C3B-13E0-4D64-89D6-2DC6A2902F5F}.Debug|x64.Build.0 = Debug|Any CPU
		{04A79C3B-13E0-4D64-89D6-2DC6A2902F5F}.Debug|x86.ActiveCfg = Debug|Any CPU
		{04A79C3B-13E0-4D64-89D6-2DC6A2902F5F}.Debug|x86.Build.0 = Debug|Any CPU
		{04A79C3B-13E0-4D64-89D6-2DC6A2902F5F}.Release|Any CPU.ActiveCfg = Release|Any CPU
		{04A79C3B-13E0-4D64-89D6-2DC6A2902F5F}.Release|Any CPU.Build.0 = Release|Any CPU
		{04A79C3B-13E0-4D64-89D6-2DC6A2902F5F}.Release|x64.ActiveCfg = Release|Any CPU
		{04A79C3B-13E0-4D64-89D6-2DC6A2902F5F}.Release|x64.Build.0 = Release|Any CPU
		{04A79C3B-13E0-4D64-89D6-2DC6A2902F5F}.Release|x86.ActiveCfg = Release|Any CPU
		{04A79C3B-13E0-4D64-89D6-2DC6A2902F5F}.Release|x86.Build.0 = Release|Any CPU
		{50FBC8D4-E2A9-49E7-A7E7-15DD053581D2}.Debug|Any CPU.ActiveCfg = Debug|Any CPU
		{50FBC8D4-E2A9-49E7-A7E7-15DD053581D2}.Debug|Any CPU.Build.0 = Debug|Any CPU
		{50FBC8D4-E2A9-49E7-A7E7-15DD053581D2}.Debug|x64.ActiveCfg = Debug|Any CPU
		{50FBC8D4-E2A9-49E7-A7E7-15DD053581D2}.Debug|x64.Build.0 = Debug|Any CPU
		{50FBC8D4-E2A9-49E7-A7E7-15DD053581D2}.Debug|x86.ActiveCfg = Debug|Any CPU
		{50FBC8D4-E2A9-49E7-A7E7-15DD053581D2}.Debug|x86.Build.0 = Debug|Any CPU
		{50FBC8D4-E2A9-49E7-A7E7-15DD053581D2}.Release|Any CPU.ActiveCfg = Release|Any CPU
		{50FBC8D4-E2A9-49E7-A7E7-15DD053581D2}.Release|Any CPU.Build.0 = Release|Any CPU
		{50FBC8D4-E2A9-49E7-A7E7-15DD053581D2}.Release|x64.ActiveCfg = Release|Any CPU
		{50FBC8D4-E2A9-49E7-A7E7-15DD053581D2}.Release|x64.Build.0 = Release|Any CPU
		{50FBC8D4-E2A9-49E7-A7E7-15DD053581D2}.Release|x86.ActiveCfg = Release|Any CPU
		{50FBC8D4-E2A9-49E7-A7E7-15DD053581D2}.Release|x86.Build.0 = Release|Any CPU
		{469FD258-EC89-43EA-85F3-29E953A18A8A}.Debug|Any CPU.ActiveCfg = Debug|Any CPU
		{469FD258-EC89-43EA-85F3-29E953A18A8A}.Debug|Any CPU.Build.0 = Debug|Any CPU
		{469FD258-EC89-43EA-85F3-29E953A18A8A}.Debug|x64.ActiveCfg = Debug|Any CPU
		{469FD258-EC89-43EA-85F3-29E953A18A8A}.Debug|x64.Build.0 = Debug|Any CPU
		{469FD258-EC89-43EA-85F3-29E953A18A8A}.Debug|x86.ActiveCfg = Debug|Any CPU
		{469FD258-EC89-43EA-85F3-29E953A18A8A}.Debug|x86.Build.0 = Debug|Any CPU
		{469FD258-EC89-43EA-85F3-29E953A18A8A}.Release|Any CPU.ActiveCfg = Release|Any CPU
		{469FD258-EC89-43EA-85F3-29E953A18A8A}.Release|Any CPU.Build.0 = Release|Any CPU
		{469FD258-EC89-43EA-85F3-29E953A18A8A}.Release|x64.ActiveCfg = Release|Any CPU
		{469FD258-EC89-43EA-85F3-29E953A18A8A}.Release|x64.Build.0 = Release|Any CPU
		{469FD258-EC89-43EA-85F3-29E953A18A8A}.Release|x86.ActiveCfg = Release|Any CPU
		{469FD258-EC89-43EA-85F3-29E953A18A8A}.Release|x86.Build.0 = Release|Any CPU
		{4DA2E90C-22B8-4A88-8DF7-09C4685D47FE}.Debug|Any CPU.ActiveCfg = Debug|Any CPU
		{4DA2E90C-22B8-4A88-8DF7-09C4685D47FE}.Debug|Any CPU.Build.0 = Debug|Any CPU
		{4DA2E90C-22B8-4A88-8DF7-09C4685D47FE}.Debug|x64.ActiveCfg = Debug|Any CPU
		{4DA2E90C-22B8-4A88-8DF7-09C4685D47FE}.Debug|x64.Build.0 = Debug|Any CPU
		{4DA2E90C-22B8-4A88-8DF7-09C4685D47FE}.Debug|x86.ActiveCfg = Debug|Any CPU
		{4DA2E90C-22B8-4A88-8DF7-09C4685D47FE}.Debug|x86.Build.0 = Debug|Any CPU
		{4DA2E90C-22B8-4A88-8DF7-09C4685D47FE}.Release|Any CPU.ActiveCfg = Release|Any CPU
		{4DA2E90C-22B8-4A88-8DF7-09C4685D47FE}.Release|Any CPU.Build.0 = Release|Any CPU
		{4DA2E90C-22B8-4A88-8DF7-09C4685D47FE}.Release|x64.ActiveCfg = Release|Any CPU
		{4DA2E90C-22B8-4A88-8DF7-09C4685D47FE}.Release|x64.Build.0 = Release|Any CPU
		{4DA2E90C-22B8-4A88-8DF7-09C4685D47FE}.Release|x86.ActiveCfg = Release|Any CPU
		{4DA2E90C-22B8-4A88-8DF7-09C4685D47FE}.Release|x86.Build.0 = Release|Any CPU
		{E1887BC5-6AF0-466E-9023-50FD2A86E1B0}.Debug|Any CPU.ActiveCfg = Debug|Any CPU
		{E1887BC5-6AF0-466E-9023-50FD2A86E1B0}.Debug|Any CPU.Build.0 = Debug|Any CPU
		{E1887BC5-6AF0-466E-9023-50FD2A86E1B0}.Debug|x64.ActiveCfg = Debug|Any CPU
		{E1887BC5-6AF0-466E-9023-50FD2A86E1B0}.Debug|x64.Build.0 = Debug|Any CPU
		{E1887BC5-6AF0-466E-9023-50FD2A86E1B0}.Debug|x86.ActiveCfg = Debug|Any CPU
		{E1887BC5-6AF0-466E-9023-50FD2A86E1B0}.Debug|x86.Build.0 = Debug|Any CPU
		{E1887BC5-6AF0-466E-9023-50FD2A86E1B0}.Release|Any CPU.ActiveCfg = Release|Any CPU
		{E1887BC5-6AF0-466E-9023-50FD2A86E1B0}.Release|Any CPU.Build.0 = Release|Any CPU
		{E1887BC5-6AF0-466E-9023-50FD2A86E1B0}.Release|x64.ActiveCfg = Release|Any CPU
		{E1887BC5-6AF0-466E-9023-50FD2A86E1B0}.Release|x64.Build.0 = Release|Any CPU
		{E1887BC5-6AF0-466E-9023-50FD2A86E1B0}.Release|x86.ActiveCfg = Release|Any CPU
		{E1887BC5-6AF0-466E-9023-50FD2A86E1B0}.Release|x86.Build.0 = Release|Any CPU
		{363609A8-9094-474B-B964-93289804E45D}.Debug|Any CPU.ActiveCfg = Debug|Any CPU
		{363609A8-9094-474B-B964-93289804E45D}.Debug|Any CPU.Build.0 = Debug|Any CPU
		{363609A8-9094-474B-B964-93289804E45D}.Debug|x64.ActiveCfg = Debug|Any CPU
		{363609A8-9094-474B-B964-93289804E45D}.Debug|x64.Build.0 = Debug|Any CPU
		{363609A8-9094-474B-B964-93289804E45D}.Debug|x86.ActiveCfg = Debug|Any CPU
		{363609A8-9094-474B-B964-93289804E45D}.Debug|x86.Build.0 = Debug|Any CPU
		{363609A8-9094-474B-B964-93289804E45D}.Release|Any CPU.ActiveCfg = Release|Any CPU
		{363609A8-9094-474B-B964-93289804E45D}.Release|Any CPU.Build.0 = Release|Any CPU
		{363609A8-9094-474B-B964-93289804E45D}.Release|x64.ActiveCfg = Release|Any CPU
		{363609A8-9094-474B-B964-93289804E45D}.Release|x64.Build.0 = Release|Any CPU
		{363609A8-9094-474B-B964-93289804E45D}.Release|x86.ActiveCfg = Release|Any CPU
		{363609A8-9094-474B-B964-93289804E45D}.Release|x86.Build.0 = Release|Any CPU
		{FBF0967C-615E-4EC2-A5BE-7284594972D8}.Debug|Any CPU.ActiveCfg = Debug|Any CPU
		{FBF0967C-615E-4EC2-A5BE-7284594972D8}.Debug|Any CPU.Build.0 = Debug|Any CPU
		{FBF0967C-615E-4EC2-A5BE-7284594972D8}.Debug|x64.ActiveCfg = Debug|Any CPU
		{FBF0967C-615E-4EC2-A5BE-7284594972D8}.Debug|x64.Build.0 = Debug|Any CPU
		{FBF0967C-615E-4EC2-A5BE-7284594972D8}.Debug|x86.ActiveCfg = Debug|Any CPU
		{FBF0967C-615E-4EC2-A5BE-7284594972D8}.Debug|x86.Build.0 = Debug|Any CPU
		{FBF0967C-615E-4EC2-A5BE-7284594972D8}.Release|Any CPU.ActiveCfg = Release|Any CPU
		{FBF0967C-615E-4EC2-A5BE-7284594972D8}.Release|Any CPU.Build.0 = Release|Any CPU
		{FBF0967C-615E-4EC2-A5BE-7284594972D8}.Release|x64.ActiveCfg = Release|Any CPU
		{FBF0967C-615E-4EC2-A5BE-7284594972D8}.Release|x64.Build.0 = Release|Any CPU
		{FBF0967C-615E-4EC2-A5BE-7284594972D8}.Release|x86.ActiveCfg = Release|Any CPU
		{FBF0967C-615E-4EC2-A5BE-7284594972D8}.Release|x86.Build.0 = Release|Any CPU
		{9A2EC5B9-FB6B-4A4A-8CE2-6A7F8D0BAF85}.Debug|Any CPU.ActiveCfg = Debug|Any CPU
		{9A2EC5B9-FB6B-4A4A-8CE2-6A7F8D0BAF85}.Debug|Any CPU.Build.0 = Debug|Any CPU
		{9A2EC5B9-FB6B-4A4A-8CE2-6A7F8D0BAF85}.Debug|x64.ActiveCfg = Debug|Any CPU
		{9A2EC5B9-FB6B-4A4A-8CE2-6A7F8D0BAF85}.Debug|x64.Build.0 = Debug|Any CPU
		{9A2EC5B9-FB6B-4A4A-8CE2-6A7F8D0BAF85}.Debug|x86.ActiveCfg = Debug|Any CPU
		{9A2EC5B9-FB6B-4A4A-8CE2-6A7F8D0BAF85}.Debug|x86.Build.0 = Debug|Any CPU
		{9A2EC5B9-FB6B-4A4A-8CE2-6A7F8D0BAF85}.Release|Any CPU.ActiveCfg = Release|Any CPU
		{9A2EC5B9-FB6B-4A4A-8CE2-6A7F8D0BAF85}.Release|Any CPU.Build.0 = Release|Any CPU
		{9A2EC5B9-FB6B-4A4A-8CE2-6A7F8D0BAF85}.Release|x64.ActiveCfg = Release|Any CPU
		{9A2EC5B9-FB6B-4A4A-8CE2-6A7F8D0BAF85}.Release|x64.Build.0 = Release|Any CPU
		{9A2EC5B9-FB6B-4A4A-8CE2-6A7F8D0BAF85}.Release|x86.ActiveCfg = Release|Any CPU
		{9A2EC5B9-FB6B-4A4A-8CE2-6A7F8D0BAF85}.Release|x86.Build.0 = Release|Any CPU
		{2FB5F814-DF90-4AD7-A799-9C9752A4A434}.Debug|Any CPU.ActiveCfg = Debug|Any CPU
		{2FB5F814-DF90-4AD7-A799-9C9752A4A434}.Debug|Any CPU.Build.0 = Debug|Any CPU
		{2FB5F814-DF90-4AD7-A799-9C9752A4A434}.Debug|x64.ActiveCfg = Debug|Any CPU
		{2FB5F814-DF90-4AD7-A799-9C9752A4A434}.Debug|x64.Build.0 = Debug|Any CPU
		{2FB5F814-DF90-4AD7-A799-9C9752A4A434}.Debug|x86.ActiveCfg = Debug|Any CPU
		{2FB5F814-DF90-4AD7-A799-9C9752A4A434}.Debug|x86.Build.0 = Debug|Any CPU
		{2FB5F814-DF90-4AD7-A799-9C9752A4A434}.Release|Any CPU.ActiveCfg = Release|Any CPU
		{2FB5F814-DF90-4AD7-A799-9C9752A4A434}.Release|Any CPU.Build.0 = Release|Any CPU
		{2FB5F814-DF90-4AD7-A799-9C9752A4A434}.Release|x64.ActiveCfg = Release|Any CPU
		{2FB5F814-DF90-4AD7-A799-9C9752A4A434}.Release|x64.Build.0 = Release|Any CPU
		{2FB5F814-DF90-4AD7-A799-9C9752A4A434}.Release|x86.ActiveCfg = Release|Any CPU
		{2FB5F814-DF90-4AD7-A799-9C9752A4A434}.Release|x86.Build.0 = Release|Any CPU
	EndGlobalSection
	GlobalSection(SolutionProperties) = preSolution
		HideSolutionNode = FALSE
	EndGlobalSection
	GlobalSection(ExtensibilityGlobals) = postSolution
		SolutionGuid = {83CB65B8-011F-4ED7-BCD3-A6CFA935EF7E}
	EndGlobalSection
EndGlobal
